
Microsoft Visual Studio Solution File, Format Version 12.00
# Visual Studio Version 16
VisualStudioVersion = 16.0.30320.27
MinimumVisualStudioVersion = 10.0.40219.1
Project("{FAE04EC0-301F-11D3-BF4B-00C04F79EFBC}") = "Prøve", "Prøve.csproj", "{0E8829BD-B794-48DF-BF57-ECC01B51DA2D}"
EndProject
Project("{FAE04EC0-301F-11D3-BF4B-00C04F79EFBC}") = "PrøveTests", "..\PrøveTests\PrøveTests.csproj", "{ADB3AC25-7CA4-4D32-8AB0-4CD2D0EA370B}"
EndProject
Global
	GlobalSection(SolutionConfigurationPlatforms) = preSolution
		Debug|Any CPU = Debug|Any CPU
		Release|Any CPU = Release|Any CPU
	EndGlobalSection
	GlobalSection(ProjectConfigurationPlatforms) = postSolution
		{0E8829BD-B794-48DF-BF57-ECC01B51DA2D}.Debug|Any CPU.ActiveCfg = Debug|Any CPU
		{0E8829BD-B794-48DF-BF57-ECC01B51DA2D}.Debug|Any CPU.Build.0 = Debug|Any CPU
		{0E8829BD-B794-48DF-BF57-ECC01B51DA2D}.Release|Any CPU.ActiveCfg = Release|Any CPU
		{0E8829BD-B794-48DF-BF57-ECC01B51DA2D}.Release|Any CPU.Build.0 = Release|Any CPU
		{ADB3AC25-7CA4-4D32-8AB0-4CD2D0EA370B}.Debug|Any CPU.ActiveCfg = Debug|Any CPU
		{ADB3AC25-7CA4-4D32-8AB0-4CD2D0EA370B}.Debug|Any CPU.Build.0 = Debug|Any CPU
		{ADB3AC25-7CA4-4D32-8AB0-4CD2D0EA370B}.Release|Any CPU.ActiveCfg = Release|Any CPU
		{ADB3AC25-7CA4-4D32-8AB0-4CD2D0EA370B}.Release|Any CPU.Build.0 = Release|Any CPU
	EndGlobalSection
	GlobalSection(SolutionProperties) = preSolution
		HideSolutionNode = FALSE
	EndGlobalSection
	GlobalSection(ExtensibilityGlobals) = postSolution
		SolutionGuid = {7E8E9290-D637-4F4E-8491-BDBB8980331E}
	EndGlobalSection
EndGlobal
